
Microsoft Visual Studio Solution File, Format Version 12.00
# Visual Studio Version 17
VisualStudioVersion = 17.7.34202.233
MinimumVisualStudioVersion = 10.0.40219.1
Project("{FAE04EC0-301F-11D3-BF4B-00C04F79EFBC}") = "WebApp", "WebApp\WebApp.csproj", "{85350831-14CF-45FB-8FAE-E74412E77228}"
EndProject
Global
	GlobalSection(SolutionConfigurationPlatforms) = preSolution
		Debug|Any CPU = Debug|Any CPU
		Release|Any CPU = Release|Any CPU
	EndGlobalSection
	GlobalSection(ProjectConfigurationPlatforms) = postSolution
		{85350831-14CF-45FB-8FAE-E74412E77228}.Debug|Any CPU.ActiveCfg = Debug|Any CPU
		{85350831-14CF-45FB-8FAE-E74412E77228}.Debug|Any CPU.Build.0 = Debug|Any CPU
		{85350831-14CF-45FB-8FAE-E74412E77228}.Release|Any CPU.ActiveCfg = Release|Any CPU
		{85350831-14CF-45FB-8FAE-E74412E77228}.Release|Any CPU.Build.0 = Release|Any CPU
	EndGlobalSection
	GlobalSection(SolutionProperties) = preSolution
		HideSolutionNode = FALSE
	EndGlobalSection
	GlobalSection(ExtensibilityGlobals) = postSolution
		SolutionGuid = {8C5404FC-CBB2-4652-9332-671DD139CE23}
	EndGlobalSection
EndGlobal
